
Microsoft Visual Studio Solution File, Format Version 12.00
# Visual Studio Version 17
VisualStudioVersion = 17.9.34728.123
MinimumVisualStudioVersion = 10.0.40219.1
Project("{FAE04EC0-301F-11D3-BF4B-00C04F79EFBC}") = "BackendChat", "BackendChat.csproj", "{6B6B22B9-C5EA-4DAF-9A23-5BC27C6528C7}"
EndProject
Global
	GlobalSection(SolutionConfigurationPlatforms) = preSolution
		Debug|Any CPU = Debug|Any CPU
		Release|Any CPU = Release|Any CPU
	EndGlobalSection
	GlobalSection(ProjectConfigurationPlatforms) = postSolution
		{6B6B22B9-C5EA-4DAF-9A23-5BC27C6528C7}.Debug|Any CPU.ActiveCfg = Debug|Any CPU
		{6B6B22B9-C5EA-4DAF-9A23-5BC27C6528C7}.Debug|Any CPU.Build.0 = Debug|Any CPU
		{6B6B22B9-C5EA-4DAF-9A23-5BC27C6528C7}.Release|Any CPU.ActiveCfg = Release|Any CPU
		{6B6B22B9-C5EA-4DAF-9A23-5BC27C6528C7}.Release|Any CPU.Build.0 = Release|Any CPU
	EndGlobalSection
	GlobalSection(SolutionProperties) = preSolution
		HideSolutionNode = FALSE
	EndGlobalSection
	GlobalSection(ExtensibilityGlobals) = postSolution
		SolutionGuid = {77C0EF7F-41D5-4FE6-B8CD-3A688A3B4D3A}
	EndGlobalSection
EndGlobal
